dependencies:
- name: common
  repository: oci://registry-1.docker.io/bitnamicharts
  version: 2.19.0
- name: guardian-authorization-api
  repository: oci://gitregistry.knut.univention.de/univention/customers/dataport/upx/guardian-helm/helm
  version: 0.2.0
- name: guardian-management-api
  repository: oci://gitregistry.knut.univention.de/univention/customers/dataport/upx/guardian-helm/helm
  version: 0.2.0
- name: guardian-management-ui
  repository: oci://gitregistry.knut.univention.de/univention/customers/dataport/upx/guardian-helm/helm
  version: 0.2.0
- name: open-policy-agent
  repository: oci://gitregistry.knut.univention.de/univention/customers/dataport/upx/guardian-helm/helm
  version: 0.2.0
- name: ldap-notifier
  repository: oci://gitregistry.knut.univention.de/univention/customers/dataport/upx/container-ldap/helm
  version: 0.9.4
- name: ldap-server
  repository: oci://gitregistry.knut.univention.de/univention/customers/dataport/upx/container-ldap/helm
  version: 0.9.4
- name: minio
  repository: oci://registry-1.docker.io/bitnamicharts
  version: 13.8.4
- name: notifications-api
  repository: oci://gitregistry.knut.univention.de/univention/components/univention-portal/helm
  version: 0.20.1
- name: portal-frontend
  repository: oci://gitregistry.knut.univention.de/univention/components/univention-portal/helm
  version: 0.20.1
- name: portal-listener
  repository: oci://gitregistry.knut.univention.de/univention/components/univention-portal/helm
  version: 0.20.1
- name: portal-server
  repository: oci://gitregistry.knut.univention.de/univention/components/univention-portal/helm
  version: 0.20.1
- name: selfservice-listener
  repository: oci://gitregistry.knut.univention.de/univention/customers/dataport/upx/selfservice-listener/helm
  version: 0.3.2
- name: provisioning
  repository: oci://gitregistry.knut.univention.de/univention/customers/dataport/upx/provisioning/helm
  version: 0.20.2
- name: udm-listener
  repository: oci://gitregistry.knut.univention.de/univention/customers/dataport/upx/provisioning/helm
  version: 0.20.2
- name: ums-keycloak
  repository: oci://registry.souvap-univention.de/souvap/tooling/charts/univention-keycloak
  version: 1.0.5
- name: keycloak-extensions
  repository: oci://gitregistry.knut.univention.de/univention/components/keycloak-extensions/helm
  version: 0.2.1
- name: ums-keycloak-bootstrap
  repository: oci://registry.souvap-univention.de/souvap/tooling/charts/univention-keycloak-bootstrap
  version: 1.1.11
- name: postgresql
  repository: oci://registry-1.docker.io/bitnamicharts
  version: 12.12.10
- name: stack-data-swp
  repository: oci://gitregistry.knut.univention.de/univention/customers/dataport/upx/stack-data/helm
  version: 0.45.0
- name: stack-data-ums
  repository: oci://gitregistry.knut.univention.de/univention/customers/dataport/upx/stack-data/helm
  version: 0.45.0
- name: nginx
  repository: oci://registry-1.docker.io/bitnamicharts
  version: 15.14.0
- name: udm-rest-api
  repository: oci://gitregistry.knut.univention.de/univention/customers/dataport/upx/container-udm-rest/helm
  version: 0.9.0
- name: umc-gateway
  repository: oci://gitregistry.knut.univention.de/univention/customers/dataport/upx/container-umc/helm
  version: 0.11.2
- name: umc-server
  repository: oci://gitregistry.knut.univention.de/univention/customers/dataport/upx/container-umc/helm
  version: 0.11.2
digest: sha256:56809b50aecf7717a22f284a96d423fdeb2414608c13109e27d81a6f32cf6cfd
generated: "2024-03-19T13:07:41.706681+01:00"
