dependencies:
- name: portal-frontend
  repository: oci://gitregistry.knut.univention.de/univention/components/univention-portal/helm
  version: 0.9.2
- name: portal-listener
  repository: oci://gitregistry.knut.univention.de/univention/components/univention-portal/helm
  version: 0.9.2
- name: portal-server
  repository: oci://gitregistry.knut.univention.de/univention/components/univention-portal/helm
  version: 0.9.2
- name: notifications-api
  repository: oci://gitregistry.knut.univention.de/univention/components/univention-portal/helm
  version: 0.9.2
digest: sha256:773896e9a8b7b5bbb7dcfc59bbacfd58d68d3b9d17791d9ec7f611672fabef5c
generated: "2024-01-20T15:10:28.96762+01:00"
