dependencies:
- name: nubus-common
  repository: oci://artifacts.software-univention.de/nubus/charts
  version: 0.28.0
- name: guardian
  repository: oci://artifacts.software-univention.de/nubus/charts
  version: 0.23.2
- name: license-import
  repository: oci://artifacts.software-univention.de/nubus/charts
  version: 0.7.3
- name: ldap-notifier
  repository: oci://artifacts.software-univention.de/nubus/charts
  version: 0.47.3
- name: ldap-server
  repository: oci://artifacts.software-univention.de/nubus/charts
  version: 0.47.3
- name: notifications-api
  repository: oci://artifacts.software-univention.de/nubus/charts
  version: 0.85.1
- name: portal-frontend
  repository: oci://artifacts.software-univention.de/nubus/charts
  version: 0.85.1
- name: portal-consumer
  repository: oci://artifacts.software-univention.de/nubus/charts
  version: 0.85.1
- name: portal-server
  repository: oci://artifacts.software-univention.de/nubus/charts
  version: 0.85.1
- name: selfservice-consumer
  repository: oci://artifacts.software-univention.de/nubus/charts
  version: 0.19.20
- name: provisioning
  repository: oci://artifacts.software-univention.de/nubus/charts
  version: 0.62.4
- name: udm-listener
  repository: oci://artifacts.software-univention.de/nubus/charts
  version: 0.62.4
- name: keycloak
  repository: oci://artifacts.software-univention.de/nubus/charts
  version: 0.14.0
- name: keycloak-extensions
  repository: oci://artifacts.software-univention.de/nubus/charts
  version: 0.23.0
- name: keycloak-bootstrap
  repository: oci://artifacts.software-univention.de/nubus/charts
  version: 0.19.0
- name: stack-data-ums
  repository: oci://artifacts.software-univention.de/nubus/charts
  version: 0.99.11
- name: twofa-helpdesk
  repository: oci://artifacts.software-univention.de/nubus/charts
  version: 0.14.5
- name: udm-rest-api
  repository: oci://artifacts.software-univention.de/nubus/charts
  version: 0.41.0
- name: umc-gateway
  repository: oci://artifacts.software-univention.de/nubus/charts
  version: 0.53.4
- name: umc-server
  repository: oci://artifacts.software-univention.de/nubus/charts
  version: 0.53.4
- name: scim-server
  repository: oci://artifacts.software-univention.de/nubus/charts
  version: 0.46.0
- name: postgresql
  repository: oci://docker.io/bitnamicharts
  version: 12.12.10
- name: minio
  repository: oci://docker.io/bitnamicharts
  version: 14.7.0
digest: sha256:ff489d265b9d59a0b8376ff9665168a1a2d25a76f8ca2995b6d959b463b418ba
generated: "2025-11-04T08:51:47.596221229+01:00"
