dependencies:
- name: nubus-common
  repository: oci://artifacts.software-univention.de/nubus/charts
  version: 0.8.0
- name: postgresql
  repository: https://charts.bitnami.com/bitnami
  version: 12.12.10
- name: minio
  repository: https://charts.bitnami.com/bitnami
  version: 14.7.0
- name: guardian
  repository: oci://artifacts.software-univention.de/nubus/charts
  version: 0.20.0
- name: license-import
  repository: oci://artifacts.software-univention.de/nubus/charts
  version: 0.2.0
- name: ldap-notifier
  repository: oci://artifacts.software-univention.de/nubus/charts
  version: 0.38.0
- name: ldap-server
  repository: oci://artifacts.software-univention.de/nubus/charts
  version: 0.40.0
- name: notifications-api
  repository: oci://artifacts.software-univention.de/nubus/charts
  version: 0.69.1
- name: portal-frontend
  repository: oci://artifacts.software-univention.de/nubus/charts
  version: 0.69.1
- name: portal-consumer
  repository: oci://artifacts.software-univention.de/nubus/charts
  version: 0.69.1
- name: portal-server
  repository: oci://artifacts.software-univention.de/nubus/charts
  version: 0.69.1
- name: selfservice-consumer
  repository: oci://artifacts.software-univention.de/nubus/charts
  version: 0.15.0
- name: provisioning
  repository: oci://artifacts.software-univention.de/nubus/charts
  version: 0.53.2
- name: udm-listener
  repository: oci://artifacts.software-univention.de/nubus/charts
  version: 0.53.2
- name: keycloak
  repository: oci://artifacts.software-univention.de/nubus/charts
  version: 0.10.0
- name: keycloak-extensions
  repository: oci://artifacts.software-univention.de/nubus/charts
  version: 0.17.0
- name: keycloak-bootstrap
  repository: oci://artifacts.software-univention.de/nubus/charts
  version: 0.11.0
- name: stack-data-ums
  repository: oci://artifacts.software-univention.de/nubus/charts
  version: 0.93.1
- name: udm-rest-api
  repository: oci://artifacts.software-univention.de/nubus/charts
  version: 0.34.0
- name: umc-gateway
  repository: oci://artifacts.software-univention.de/nubus/charts
  version: 0.45.3
- name: umc-server
  repository: oci://artifacts.software-univention.de/nubus/charts
  version: 0.45.3
- name: scim-server
  repository: oci://artifacts.software-univention.de/nubus/charts
  version: 0.9.1
digest: sha256:e51bfc6679586ac510bd3a3a92b2d5633cf5b28f785e99bdf1d4ad94e9933a73
generated: "2025-05-21T10:02:59.761869923+02:00"
