dependencies:
- name: common
  repository: oci://registry-1.docker.io/bitnamicharts
  version: 2.19.3
- name: postgresql
  repository: oci://registry-1.docker.io/bitnamicharts
  version: 12.12.10
- name: minio
  repository: oci://registry-1.docker.io/bitnamicharts
  version: 14.6.0
- name: guardian
  repository: oci://artifacts.software-univention.de/nubus/charts
  version: 0.5.1
- name: ldap-notifier
  repository: oci://artifacts.software-univention.de/nubus/charts
  version: 0.15.2
- name: ldap-server
  repository: oci://artifacts.software-univention.de/nubus/charts
  version: 0.15.2
- name: notifications-api
  repository: oci://artifacts.software-univention.de/nubus/charts
  version: 0.24.0
- name: portal-frontend
  repository: oci://artifacts.software-univention.de/nubus/charts
  version: 0.24.0
- name: portal-listener
  repository: oci://artifacts.software-univention.de/nubus/charts
  version: 0.24.0
- name: portal-server
  repository: oci://artifacts.software-univention.de/nubus/charts
  version: 0.24.0
- name: selfservice-listener
  repository: oci://artifacts.software-univention.de/nubus/charts
  version: 0.6.2
- name: provisioning
  repository: oci://artifacts.software-univention.de/nubus/charts
  version: 0.27.1
- name: udm-listener
  repository: oci://artifacts.software-univention.de/nubus/charts
  version: 0.27.1
- name: keycloak
  repository: oci://artifacts.software-univention.de/nubus/charts
  version: 0.1.0
- name: keycloak-extensions
  repository: oci://artifacts.software-univention.de/nubus/charts
  version: 0.5.1
- name: keycloak-bootstrap
  repository: oci://artifacts.software-univention.de/nubus/charts
  version: 0.1.0
- name: stack-data-swp
  repository: oci://artifacts.software-univention.de/nubus/charts
  version: 0.49.2
- name: stack-data-ums
  repository: oci://artifacts.software-univention.de/nubus/charts
  version: 0.49.2
- name: nginx
  repository: oci://registry-1.docker.io/bitnamicharts
  version: 15.14.2
- name: udm-rest-api
  repository: oci://artifacts.software-univention.de/nubus/charts
  version: 0.13.0
- name: umc-gateway
  repository: oci://artifacts.software-univention.de/nubus/charts
  version: 0.14.5
- name: umc-server
  repository: oci://artifacts.software-univention.de/nubus/charts
  version: 0.14.5
digest: sha256:944663b556a851c16ccf1e13aa36d5901678ce44809570e50329cb3a8abf6c63
generated: "2024-05-24T21:42:04.27774797+02:00"
